{
  "name": "webesembly-editor",
  "version": "1.0.0",
  "lockfileVersion": 3,
  "requires": true,
  "packages": {
    "": {
      "name": "webesembly-editor",
      "version": "1.0.0",
      "license": "ISC",
      "dependencies": {
        "@types/dragselect": "^1.13.1",
        "dragselect": "^2.7.4"
      }
    },
    "node_modules/@types/dragselect": {
      "version": "1.13.1",
      "resolved": "https://registry.npmjs.org/@types/dragselect/-/dragselect-1.13.1.tgz",
      "integrity": "sha512-3m0fvSM0cSs0DXvprytV/ZY92hNX3jJuEb/vkdqU+4QMzV2jxYKgBFTuaT2fflqbmfzUqHHIkGP55WIuigElQw=="
    },
    "node_modules/dragselect": {
      "version": "2.7.4",
      "resolved": "https://registry.npmjs.org/dragselect/-/dragselect-2.7.4.tgz",
      "integrity": "sha512-j0qFl4xvsyImlSTn9erDCCT4SSPUMssgKAYuKqhsPr8WPphLghHfjDd4WR2jLjL91fTQQlbbIJ/7T2qwD2hghQ=="
    }
  }
}
